
Microsoft Visual Studio Solution File, Format Version 12.00
# Visual Studio Version 17
VisualStudioVersion = 17.6.33723.286
MinimumVisualStudioVersion = 10.0.40219.1
Project("{9A19103F-16F7-4668-BE54-9A1E7A4F7556}") = "Exit_Test_WebApi", "Exit_Test_WebApi.csproj", "{F786E9E2-B06A-413E-9F75-C5511ABAA1A8}"
EndProject
Project("{FAE04EC0-301F-11D3-BF4B-00C04F79EFBC}") = "Deliverr.BusinessLayer", "..\Deliverr.BusinessLayer\Deliverr.BusinessLayer.csproj", "{8843BBDF-AE40-453E-B3E2-050011728CFA}"
EndProject
Project("{FAE04EC0-301F-11D3-BF4B-00C04F79EFBC}") = "Deliverr.DataAccessLayer", "..\Deliverr.DataAccessLayer\Deliverr.DataAccessLayer.csproj", "{914E43F4-381B-4DC5-A364-B7FF0B642DB1}"
EndProject
Project("{FAE04EC0-301F-11D3-BF4B-00C04F79EFBC}") = "Shared", "..\Shared\Shared.csproj", "{BFEA08A3-2569-45AF-B179-B458331A8D33}"
EndProject
Global
	GlobalSection(SolutionConfigurationPlatforms) = preSolution
		Debug|Any CPU = Debug|Any CPU
		Release|Any CPU = Release|Any CPU
	EndGlobalSection
	GlobalSection(ProjectConfigurationPlatforms) = postSolution
		{F786E9E2-B06A-413E-9F75-C5511ABAA1A8}.Debug|Any CPU.ActiveCfg = Debug|Any CPU
		{F786E9E2-B06A-413E-9F75-C5511ABAA1A8}.Debug|Any CPU.Build.0 = Debug|Any CPU
		{F786E9E2-B06A-413E-9F75-C5511ABAA1A8}.Release|Any CPU.ActiveCfg = Release|Any CPU
		{F786E9E2-B06A-413E-9F75-C5511ABAA1A8}.Release|Any CPU.Build.0 = Release|Any CPU
		{8843BBDF-AE40-453E-B3E2-050011728CFA}.Debug|Any CPU.ActiveCfg = Debug|Any CPU
		{8843BBDF-AE40-453E-B3E2-050011728CFA}.Debug|Any CPU.Build.0 = Debug|Any CPU
		{8843BBDF-AE40-453E-B3E2-050011728CFA}.Release|Any CPU.ActiveCfg = Release|Any CPU
		{8843BBDF-AE40-453E-B3E2-050011728CFA}.Release|Any CPU.Build.0 = Release|Any CPU
		{914E43F4-381B-4DC5-A364-B7FF0B642DB1}.Debug|Any CPU.ActiveCfg = Debug|Any CPU
		{914E43F4-381B-4DC5-A364-B7FF0B642DB1}.Debug|Any CPU.Build.0 = Debug|Any CPU
		{914E43F4-381B-4DC5-A364-B7FF0B642DB1}.Release|Any CPU.ActiveCfg = Release|Any CPU
		{914E43F4-381B-4DC5-A364-B7FF0B642DB1}.Release|Any CPU.Build.0 = Release|Any CPU
		{BFEA08A3-2569-45AF-B179-B458331A8D33}.Debug|Any CPU.ActiveCfg = Debug|Any CPU
		{BFEA08A3-2569-45AF-B179-B458331A8D33}.Debug|Any CPU.Build.0 = Debug|Any CPU
		{BFEA08A3-2569-45AF-B179-B458331A8D33}.Release|Any CPU.ActiveCfg = Release|Any CPU
		{BFEA08A3-2569-45AF-B179-B458331A8D33}.Release|Any CPU.Build.0 = Release|Any CPU
	EndGlobalSection
	GlobalSection(SolutionProperties) = preSolution
		HideSolutionNode = FALSE
	EndGlobalSection
	GlobalSection(ExtensibilityGlobals) = postSolution
		SolutionGuid = {120AB904-3CEF-448E-9EFE-D20F5BAFFE4F}
	EndGlobalSection
EndGlobal
